
Microsoft Visual Studio Solution File, Format Version 12.00
# Visual Studio 15
VisualStudioVersion = 15.0.27130.2024
MinimumVisualStudioVersion = 10.0.40219.1
Project("{9A19103F-16F7-4668-BE54-9A1E7A4F7556}") = "SampleWebAPI", "SampleWebAPI\SampleWebAPI.csproj", "{0EC1624C-0145-4D92-BB62-90F0AAA44FD9}"
	ProjectSection(ProjectDependencies) = postProject
		{C9FB4880-C797-4ED6-AEA2-F6F8975018E4} = {C9FB4880-C797-4ED6-AEA2-F6F8975018E4}
	EndProjectSection
EndProject
Project("{9A19103F-16F7-4668-BE54-9A1E7A4F7556}") = "CallTracerLibrary", "CallTracerLibrary\CallTracerLibrary.csproj", "{C9FB4880-C797-4ED6-AEA2-F6F8975018E4}"
EndProject
Global
	GlobalSection(SolutionConfigurationPlatforms) = preSolution
		Debug|Any CPU = Debug|Any CPU
		Release|Any CPU = Release|Any CPU
	EndGlobalSection
	GlobalSection(ProjectConfigurationPlatforms) = postSolution
		{0EC1624C-0145-4D92-BB62-90F0AAA44FD9}.Debug|Any CPU.ActiveCfg = Debug|Any CPU
		{0EC1624C-0145-4D92-BB62-90F0AAA44FD9}.Debug|Any CPU.Build.0 = Debug|Any CPU
		{0EC1624C-0145-4D92-BB62-90F0AAA44FD9}.Release|Any CPU.ActiveCfg = Release|Any CPU
		{0EC1624C-0145-4D92-BB62-90F0AAA44FD9}.Release|Any CPU.Build.0 = Release|Any CPU
		{C9FB4880-C797-4ED6-AEA2-F6F8975018E4}.Debug|Any CPU.ActiveCfg = Debug|Any CPU
		{C9FB4880-C797-4ED6-AEA2-F6F8975018E4}.Debug|Any CPU.Build.0 = Debug|Any CPU
		{C9FB4880-C797-4ED6-AEA2-F6F8975018E4}.Release|Any CPU.ActiveCfg = Release|Any CPU
		{C9FB4880-C797-4ED6-AEA2-F6F8975018E4}.Release|Any CPU.Build.0 = Release|Any CPU
	EndGlobalSection
	GlobalSection(SolutionProperties) = preSolution
		HideSolutionNode = FALSE
	EndGlobalSection
	GlobalSection(ExtensibilityGlobals) = postSolution
		SolutionGuid = {CA6673BD-8F46-47AA-9556-55F7B43152FD}
	EndGlobalSection
EndGlobal
